// !$*UTF8*$!
{
	archiveVersion = 1;
	classes = {
	};
	objectVersion = 52;
	objects = {

/* Begin PBXBuildFile section */
		2C1F67DA2469005A00323DE3 /* Onboarding.storyboard in Resources */ = {isa = PBXBuildFile; fileRef = 2C1F67D92469005A00323DE3 /* Onboarding.storyboard */; };
		2C1F67DC2469006600323DE3 /* Home.storyboard in Resources */ = {isa = PBXBuildFile; fileRef = 2C1F67DB2469006600323DE3 /* Home.storyboard */; };
		2C1F67DE2469007300323DE3 /* History.storyboard in Resources */ = {isa = PBXBuildFile; fileRef = 2C1F67DD2469007300323DE3 /* History.storyboard */; };
		2C1F67E02469007A00323DE3 /* Profile.storyboard in Resources */ = {isa = PBXBuildFile; fileRef = 2C1F67DF2469007A00323DE3 /* Profile.storyboard */; };
		2C1F67E22469013900323DE3 /* OnboardVC.swift in Sources */ = {isa = PBXBuildFile; fileRef = 2C1F67E12469013900323DE3 /* OnboardVC.swift */; };
		2C1F67E62469016D00323DE3 /* LandingTabBarVC.swift in Sources */ = {isa = PBXBuildFile; fileRef = 2C1F67E52469016D00323DE3 /* LandingTabBarVC.swift */; };
		2C1F67E82469021400323DE3 /* HelperExtension.swift in Sources */ = {isa = PBXBuildFile; fileRef = 2C1F67E72469021400323DE3 /* HelperExtension.swift */; };
		2C1F67EC2469029E00323DE3 /* KeychainItem.swift in Sources */ = {isa = PBXBuildFile; fileRef = 2C1F67EB2469029E00323DE3 /* KeychainItem.swift */; };
		2C1F67EE2469040400323DE3 /* HomeTableVC.swift in Sources */ = {isa = PBXBuildFile; fileRef = 2C1F67ED2469040400323DE3 /* HomeTableVC.swift */; };
		2C1F67F02469041600323DE3 /* HistoryTableVC.swift in Sources */ = {isa = PBXBuildFile; fileRef = 2C1F67EF2469041600323DE3 /* HistoryTableVC.swift */; };
		2C1F67F22469045900323DE3 /* ProfileTableVC.swift in Sources */ = {isa = PBXBuildFile; fileRef = 2C1F67F12469045900323DE3 /* ProfileTableVC.swift */; };
		2C1F67F72469620200323DE3 /* HistoryCell.swift in Sources */ = {isa = PBXBuildFile; fileRef = 2C1F67F62469620200323DE3 /* HistoryCell.swift */; };
		2C331059246C277E00DBF2AA /* HomeVC.swift in Sources */ = {isa = PBXBuildFile; fileRef = 2C331058246C277E00DBF2AA /* HomeVC.swift */; };
		2C33105B246CF9F300DBF2AA /* HistoryDetailVC.swift in Sources */ = {isa = PBXBuildFile; fileRef = 2C33105A246CF9F300DBF2AA /* HistoryDetailVC.swift */; };
		2C33105D246CFB2F00DBF2AA /* HistoryDetailCell.swift in Sources */ = {isa = PBXBuildFile; fileRef = 2C33105C246CFB2F00DBF2AA /* HistoryDetailCell.swift */; };
		2C6FC449246D6F440033A1C8 /* SessionHostVC.swift in Sources */ = {isa = PBXBuildFile; fileRef = 2C6FC448246D6F440033A1C8 /* SessionHostVC.swift */; };
		2C6FC44C246D70120033A1C8 /* SessionHostCell.swift in Sources */ = {isa = PBXBuildFile; fileRef = 2C6FC44B246D70120033A1C8 /* SessionHostCell.swift */; };
		2C6FC44E246D75620033A1C8 /* SessionMemberVC.swift in Sources */ = {isa = PBXBuildFile; fileRef = 2C6FC44D246D75620033A1C8 /* SessionMemberVC.swift */; };
		2C6FC450246D75770033A1C8 /* SessionMemberCell.swift in Sources */ = {isa = PBXBuildFile; fileRef = 2C6FC44F246D75770033A1C8 /* SessionMemberCell.swift */; };
		2C6FC453246D8CE20033A1C8 /* SwiftyGif in Frameworks */ = {isa = PBXBuildFile; productRef = 2C6FC452246D8CE20033A1C8 /* SwiftyGif */; };
		2C6FC463246DA06F0033A1C8 /* LaunchScreen.storyboard in Resources */ = {isa = PBXBuildFile; fileRef = 2C6FC462246DA06F0033A1C8 /* LaunchScreen.storyboard */; };
		2C6FC467246DC13B0033A1C8 /* Awaro-splash-(white).gif in Resources */ = {isa = PBXBuildFile; fileRef = 2C6FC465246DC13B0033A1C8 /* Awaro-splash-(white).gif */; };
		2C6FC46B246DC2640033A1C8 /* Awaro-splash-(white)-no-loop.gif in Resources */ = {isa = PBXBuildFile; fileRef = 2C6FC46A246DC2640033A1C8 /* Awaro-splash-(white)-no-loop.gif */; };
		2C6FC46D246FDA210033A1C8 /* SessionResultVC.swift in Sources */ = {isa = PBXBuildFile; fileRef = 2C6FC46C246FDA210033A1C8 /* SessionResultVC.swift */; };
		2C6FC46F246FDA6A0033A1C8 /* SessionResultCell.swift in Sources */ = {isa = PBXBuildFile; fileRef = 2C6FC46E246FDA6A0033A1C8 /* SessionResultCell.swift */; };
		2CCC9D5C2471891800AEF11B /* BadgeCollectionCell.swift in Sources */ = {isa = PBXBuildFile; fileRef = 2CCC9D5B2471891800AEF11B /* BadgeCollectionCell.swift */; };
		F40773A32472283800CEC2B0 /* UserExtension.swift in Sources */ = {isa = PBXBuildFile; fileRef = F40773A22472283800CEC2B0 /* UserExtension.swift */; };
		F40773A52472289900CEC2B0 /* CoreDataHelper.swift in Sources */ = {isa = PBXBuildFile; fileRef = F40773A42472289900CEC2B0 /* CoreDataHelper.swift */; };
		F465BC63246249D70025396A /* AppDelegate.swift in Sources */ = {isa = PBXBuildFile; fileRef = F465BC62246249D70025396A /* AppDelegate.swift */; };
		F465BC65246249D70025396A /* SceneDelegate.swift in Sources */ = {isa = PBXBuildFile; fileRef = F465BC64246249D70025396A /* SceneDelegate.swift */; };
		F465BC6D246249D70025396A /* MC2_app.xcdatamodeld in Sources */ = {isa = PBXBuildFile; fileRef = F465BC6B246249D70025396A /* MC2_app.xcdatamodeld */; };
		F465BC6F246249DA0025396A /* Assets.xcassets in Resources */ = {isa = PBXBuildFile; fileRef = F465BC6E246249DA0025396A /* Assets.xcassets */; };
		F465BC7D246249DB0025396A /* MC2_appTests.swift in Sources */ = {isa = PBXBuildFile; fileRef = F465BC7C246249DB0025396A /* MC2_appTests.swift */; };
		F465BC88246249DB0025396A /* MC2_appUITests.swift in Sources */ = {isa = PBXBuildFile; fileRef = F465BC87246249DB0025396A /* MC2_appUITests.swift */; };
		F465BC9724628FAC0025396A /* User.swift in Sources */ = {isa = PBXBuildFile; fileRef = F465BC9624628FAC0025396A /* User.swift */; };
		F4FAFDB62468F3BC00B4F3A5 /* CloudKit.framework in Frameworks */ = {isa = PBXBuildFile; fileRef = F4FAFDB52468F3BC00B4F3A5 /* CloudKit.framework */; };
/* End PBXBuildFile section */

/* Begin PBXContainerItemProxy section */
		F465BC79246249DB0025396A /* PBXContainerItemProxy */ = {
			isa = PBXContainerItemProxy;
			containerPortal = F465BC57246249D70025396A /* Project object */;
			proxyType = 1;
			remoteGlobalIDString = F465BC5E246249D70025396A;
			remoteInfo = "MC2-app";
		};
		F465BC84246249DB0025396A /* PBXContainerItemProxy */ = {
			isa = PBXContainerItemProxy;
			containerPortal = F465BC57246249D70025396A /* Project object */;
			proxyType = 1;
			remoteGlobalIDString = F465BC5E246249D70025396A;
			remoteInfo = "MC2-app";
		};
/* End PBXContainerItemProxy section */

/* Begin PBXFileReference section */
		2C1F67D92469005A00323DE3 /* Onboarding.storyboard */ = {isa = PBXFileReference; lastKnownFileType = file.storyboard; path = Onboarding.storyboard; sourceTree = "<group>"; };
		2C1F67DB2469006600323DE3 /* Home.storyboard */ = {isa = PBXFileReference; lastKnownFileType = file.storyboard; path = Home.storyboard; sourceTree = "<group>"; };
		2C1F67DD2469007300323DE3 /* History.storyboard */ = {isa = PBXFileReference; lastKnownFileType = file.storyboard; path = History.storyboard; sourceTree = "<group>"; };
		2C1F67DF2469007A00323DE3 /* Profile.storyboard */ = {isa = PBXFileReference; lastKnownFileType = file.storyboard; path = Profile.storyboard; sourceTree = "<group>"; };
		2C1F67E12469013900323DE3 /* OnboardVC.swift */ = {isa = PBXFileReference; lastKnownFileType = sourcecode.swift; path = OnboardVC.swift; sourceTree = "<group>"; };
		2C1F67E52469016D00323DE3 /* LandingTabBarVC.swift */ = {isa = PBXFileReference; lastKnownFileType = sourcecode.swift; path = LandingTabBarVC.swift; sourceTree = "<group>"; };
		2C1F67E72469021400323DE3 /* HelperExtension.swift */ = {isa = PBXFileReference; fileEncoding = 4; lastKnownFileType = sourcecode.swift; path = HelperExtension.swift; sourceTree = "<group>"; };
		2C1F67EB2469029E00323DE3 /* KeychainItem.swift */ = {isa = PBXFileReference; fileEncoding = 4; lastKnownFileType = sourcecode.swift; path = KeychainItem.swift; sourceTree = "<group>"; };
		2C1F67ED2469040400323DE3 /* HomeTableVC.swift */ = {isa = PBXFileReference; lastKnownFileType = sourcecode.swift; path = HomeTableVC.swift; sourceTree = "<group>"; };
		2C1F67EF2469041600323DE3 /* HistoryTableVC.swift */ = {isa = PBXFileReference; lastKnownFileType = sourcecode.swift; path = HistoryTableVC.swift; sourceTree = "<group>"; };
		2C1F67F12469045900323DE3 /* ProfileTableVC.swift */ = {isa = PBXFileReference; lastKnownFileType = sourcecode.swift; path = ProfileTableVC.swift; sourceTree = "<group>"; };
		2C1F67F62469620200323DE3 /* HistoryCell.swift */ = {isa = PBXFileReference; lastKnownFileType = sourcecode.swift; path = HistoryCell.swift; sourceTree = "<group>"; };
		2C331058246C277E00DBF2AA /* HomeVC.swift */ = {isa = PBXFileReference; lastKnownFileType = sourcecode.swift; path = HomeVC.swift; sourceTree = "<group>"; };
		2C33105A246CF9F300DBF2AA /* HistoryDetailVC.swift */ = {isa = PBXFileReference; lastKnownFileType = sourcecode.swift; path = HistoryDetailVC.swift; sourceTree = "<group>"; };
		2C33105C246CFB2F00DBF2AA /* HistoryDetailCell.swift */ = {isa = PBXFileReference; lastKnownFileType = sourcecode.swift; path = HistoryDetailCell.swift; sourceTree = "<group>"; };
		2C6FC448246D6F440033A1C8 /* SessionHostVC.swift */ = {isa = PBXFileReference; lastKnownFileType = sourcecode.swift; path = SessionHostVC.swift; sourceTree = "<group>"; };
		2C6FC44B246D70120033A1C8 /* SessionHostCell.swift */ = {isa = PBXFileReference; lastKnownFileType = sourcecode.swift; path = SessionHostCell.swift; sourceTree = "<group>"; };
		2C6FC44D246D75620033A1C8 /* SessionMemberVC.swift */ = {isa = PBXFileReference; lastKnownFileType = sourcecode.swift; path = SessionMemberVC.swift; sourceTree = "<group>"; };
		2C6FC44F246D75770033A1C8 /* SessionMemberCell.swift */ = {isa = PBXFileReference; lastKnownFileType = sourcecode.swift; path = SessionMemberCell.swift; sourceTree = "<group>"; };
		2C6FC462246DA06F0033A1C8 /* LaunchScreen.storyboard */ = {isa = PBXFileReference; fileEncoding = 4; lastKnownFileType = file.storyboard; path = LaunchScreen.storyboard; sourceTree = "<group>"; };
		2C6FC465246DC13B0033A1C8 /* Awaro-splash-(white).gif */ = {isa = PBXFileReference; lastKnownFileType = image.gif; path = "Awaro-splash-(white).gif"; sourceTree = "<group>"; };
		2C6FC46A246DC2640033A1C8 /* Awaro-splash-(white)-no-loop.gif */ = {isa = PBXFileReference; lastKnownFileType = image.gif; path = "Awaro-splash-(white)-no-loop.gif"; sourceTree = "<group>"; };
		2C6FC46C246FDA210033A1C8 /* SessionResultVC.swift */ = {isa = PBXFileReference; lastKnownFileType = sourcecode.swift; path = SessionResultVC.swift; sourceTree = "<group>"; };
		2C6FC46E246FDA6A0033A1C8 /* SessionResultCell.swift */ = {isa = PBXFileReference; lastKnownFileType = sourcecode.swift; path = SessionResultCell.swift; sourceTree = "<group>"; };
		2CCC9D5B2471891800AEF11B /* BadgeCollectionCell.swift */ = {isa = PBXFileReference; lastKnownFileType = sourcecode.swift; path = BadgeCollectionCell.swift; sourceTree = "<group>"; };
		F40773A22472283800CEC2B0 /* UserExtension.swift */ = {isa = PBXFileReference; lastKnownFileType = sourcecode.swift; path = UserExtension.swift; sourceTree = "<group>"; };
		F40773A42472289900CEC2B0 /* CoreDataHelper.swift */ = {isa = PBXFileReference; lastKnownFileType = sourcecode.swift; path = CoreDataHelper.swift; sourceTree = "<group>"; };
		F465BC5F246249D70025396A /* Awaro.app */ = {isa = PBXFileReference; explicitFileType = wrapper.application; includeInIndex = 0; path = Awaro.app; sourceTree = BUILT_PRODUCTS_DIR; };
		F465BC62246249D70025396A /* AppDelegate.swift */ = {isa = PBXFileReference; lastKnownFileType = sourcecode.swift; path = AppDelegate.swift; sourceTree = "<group>"; };
		F465BC64246249D70025396A /* SceneDelegate.swift */ = {isa = PBXFileReference; lastKnownFileType = sourcecode.swift; path = SceneDelegate.swift; sourceTree = "<group>"; };
		F465BC6C246249D70025396A /* MC2_app.xcdatamodel */ = {isa = PBXFileReference; lastKnownFileType = wrapper.xcdatamodel; path = MC2_app.xcdatamodel; sourceTree = "<group>"; };
		F465BC6E246249DA0025396A /* Assets.xcassets */ = {isa = PBXFileReference; lastKnownFileType = folder.assetcatalog; path = Assets.xcassets; sourceTree = "<group>"; };
		F465BC73246249DA0025396A /* Info.plist */ = {isa = PBXFileReference; lastKnownFileType = text.plist.xml; path = Info.plist; sourceTree = "<group>"; };
		F465BC78246249DB0025396A /* AwaroTests.xctest */ = {isa = PBXFileReference; explicitFileType = wrapper.cfbundle; includeInIndex = 0; path = AwaroTests.xctest; sourceTree = BUILT_PRODUCTS_DIR; };
		F465BC7C246249DB0025396A /* MC2_appTests.swift */ = {isa = PBXFileReference; lastKnownFileType = sourcecode.swift; path = MC2_appTests.swift; sourceTree = "<group>"; };
		F465BC7E246249DB0025396A /* Info.plist */ = {isa = PBXFileReference; lastKnownFileType = text.plist.xml; path = Info.plist; sourceTree = "<group>"; };
		F465BC83246249DB0025396A /* AwaroUITests.xctest */ = {isa = PBXFileReference; explicitFileType = wrapper.cfbundle; includeInIndex = 0; path = AwaroUITests.xctest; sourceTree = BUILT_PRODUCTS_DIR; };
		F465BC87246249DB0025396A /* MC2_appUITests.swift */ = {isa = PBXFileReference; lastKnownFileType = sourcecode.swift; path = MC2_appUITests.swift; sourceTree = "<group>"; };
		F465BC89246249DB0025396A /* Info.plist */ = {isa = PBXFileReference; lastKnownFileType = text.plist.xml; path = Info.plist; sourceTree = "<group>"; };
		F465BC9524628C7D0025396A /* MC2-app.entitlements */ = {isa = PBXFileReference; lastKnownFileType = text.plist.entitlements; path = "MC2-app.entitlements"; sourceTree = "<group>"; };
		F465BC9624628FAC0025396A /* User.swift */ = {isa = PBXFileReference; lastKnownFileType = sourcecode.swift; path = User.swift; sourceTree = "<group>"; };
		F4FAFDB52468F3BC00B4F3A5 /* CloudKit.framework */ = {isa = PBXFileReference; lastKnownFileType = wrapper.framework; name = CloudKit.framework; path = System/Library/Frameworks/CloudKit.framework; sourceTree = SDKROOT; };
/* End PBXFileReference section */

/* Begin PBXFrameworksBuildPhase section */
		F465BC5C246249D70025396A /* Frameworks */ = {
			isa = PBXFrameworksBuildPhase;
			buildActionMask = 2147483647;
			files = (
				F4FAFDB62468F3BC00B4F3A5 /* CloudKit.framework in Frameworks */,
				2C6FC453246D8CE20033A1C8 /* SwiftyGif in Frameworks */,
			);
			runOnlyForDeploymentPostprocessing = 0;
		};
		F465BC75246249DB0025396A /* Frameworks */ = {
			isa = PBXFrameworksBuildPhase;
			buildActionMask = 2147483647;
			files = (
			);
			runOnlyForDeploymentPostprocessing = 0;
		};
		F465BC80246249DB0025396A /* Frameworks */ = {
			isa = PBXFrameworksBuildPhase;
			buildActionMask = 2147483647;
			files = (
			);
			runOnlyForDeploymentPostprocessing = 0;
		};
/* End PBXFrameworksBuildPhase section */

/* Begin PBXGroup section */
		2C1F67CD2468FFD800323DE3 /* Profile */ = {
			isa = PBXGroup;
			children = (
				2C1F67D22469001D00323DE3 /* View */,
				2C1F67D12469000200323DE3 /* Controller */,
				2CCC9D5A247188FD00AEF11B /* Cell */,
			);
			path = Profile;
			sourceTree = "<group>";
		};
		2C1F67CE2468FFDD00323DE3 /* History */ = {
			isa = PBXGroup;
			children = (
				2C1F67D42469002600323DE3 /* View */,
				2C1F67D32469002200323DE3 /* Controller */,
				2C1F67F5246961CE00323DE3 /* Cell */,
			);
			path = History;
			sourceTree = "<group>";
		};
		2C1F67CF2468FFF700323DE3 /* Home */ = {
			isa = PBXGroup;
			children = (
				2C1F67D62469002F00323DE3 /* View */,
				2C1F67D52469002A00323DE3 /* Controller */,
				2C6FC44A246D6FF40033A1C8 /* Cell */,
			);
			path = Home;
			sourceTree = "<group>";
		};
		2C1F67D02468FFFC00323DE3 /* Onboarding */ = {
			isa = PBXGroup;
			children = (
				2C1F67D82469003D00323DE3 /* View */,
				2C1F67D72469003400323DE3 /* Controller */,
				2C6FC45D246D94150033A1C8 /* Asset */,
			);
			path = Onboarding;
			sourceTree = "<group>";
		};
		2C1F67D12469000200323DE3 /* Controller */ = {
			isa = PBXGroup;
			children = (
				2C1F67F12469045900323DE3 /* ProfileTableVC.swift */,
			);
			path = Controller;
			sourceTree = "<group>";
		};
		2C1F67D22469001D00323DE3 /* View */ = {
			isa = PBXGroup;
			children = (
				2C1F67DF2469007A00323DE3 /* Profile.storyboard */,
			);
			path = View;
			sourceTree = "<group>";
		};
		2C1F67D32469002200323DE3 /* Controller */ = {
			isa = PBXGroup;
			children = (
				2C1F67EF2469041600323DE3 /* HistoryTableVC.swift */,
				2C33105A246CF9F300DBF2AA /* HistoryDetailVC.swift */,
			);
			path = Controller;
			sourceTree = "<group>";
		};
		2C1F67D42469002600323DE3 /* View */ = {
			isa = PBXGroup;
			children = (
				2C1F67DD2469007300323DE3 /* History.storyboard */,
			);
			path = View;
			sourceTree = "<group>";
		};
		2C1F67D52469002A00323DE3 /* Controller */ = {
			isa = PBXGroup;
			children = (
				2C1F67ED2469040400323DE3 /* HomeTableVC.swift */,
				2C331058246C277E00DBF2AA /* HomeVC.swift */,
				2C6FC448246D6F440033A1C8 /* SessionHostVC.swift */,
				2C6FC44D246D75620033A1C8 /* SessionMemberVC.swift */,
				2C6FC46C246FDA210033A1C8 /* SessionResultVC.swift */,
			);
			path = Controller;
			sourceTree = "<group>";
		};
		2C1F67D62469002F00323DE3 /* View */ = {
			isa = PBXGroup;
			children = (
				2C1F67DB2469006600323DE3 /* Home.storyboard */,
			);
			path = View;
			sourceTree = "<group>";
		};
		2C1F67D72469003400323DE3 /* Controller */ = {
			isa = PBXGroup;
			children = (
				2C1F67E12469013900323DE3 /* OnboardVC.swift */,
				2C1F67E52469016D00323DE3 /* LandingTabBarVC.swift */,
			);
			path = Controller;
			sourceTree = "<group>";
		};
		2C1F67D82469003D00323DE3 /* View */ = {
			isa = PBXGroup;
			children = (
				2C6FC462246DA06F0033A1C8 /* LaunchScreen.storyboard */,
				2C1F67D92469005A00323DE3 /* Onboarding.storyboard */,
			);
			path = View;
			sourceTree = "<group>";
		};
		2C1F67E92469024000323DE3 /* Helper */ = {
			isa = PBXGroup;
			children = (
				2C1F67E72469021400323DE3 /* HelperExtension.swift */,
				F40773A22472283800CEC2B0 /* UserExtension.swift */,
				F40773A42472289900CEC2B0 /* CoreDataHelper.swift */,
			);
			path = Helper;
			sourceTree = "<group>";
		};
		2C1F67EA2469026500323DE3 /* Model */ = {
			isa = PBXGroup;
			children = (
				F465BC9624628FAC0025396A /* User.swift */,
				2C1F67EB2469029E00323DE3 /* KeychainItem.swift */,
			);
			path = Model;
			sourceTree = "<group>";
		};
		2C1F67F5246961CE00323DE3 /* Cell */ = {
			isa = PBXGroup;
			children = (
				2C1F67F62469620200323DE3 /* HistoryCell.swift */,
				2C33105C246CFB2F00DBF2AA /* HistoryDetailCell.swift */,
			);
			path = Cell;
			sourceTree = "<group>";
		};
		2C6FC44A246D6FF40033A1C8 /* Cell */ = {
			isa = PBXGroup;
			children = (
				2C6FC44B246D70120033A1C8 /* SessionHostCell.swift */,
				2C6FC44F246D75770033A1C8 /* SessionMemberCell.swift */,
				2C6FC46E246FDA6A0033A1C8 /* SessionResultCell.swift */,
			);
			path = Cell;
			sourceTree = "<group>";
		};
		2C6FC45D246D94150033A1C8 /* Asset */ = {
			isa = PBXGroup;
			children = (
				2C6FC46A246DC2640033A1C8 /* Awaro-splash-(white)-no-loop.gif */,
				2C6FC465246DC13B0033A1C8 /* Awaro-splash-(white).gif */,
			);
			path = Asset;
			sourceTree = "<group>";
		};
		2CCC9D5A247188FD00AEF11B /* Cell */ = {
			isa = PBXGroup;
			children = (
				2CCC9D5B2471891800AEF11B /* BadgeCollectionCell.swift */,
			);
			path = Cell;
			sourceTree = "<group>";
		};
		F465BC56246249D70025396A = {
			isa = PBXGroup;
			children = (
				F465BC61246249D70025396A /* MC2-app */,
				F465BC7B246249DB0025396A /* MC2-appTests */,
				F465BC86246249DB0025396A /* MC2-appUITests */,
				F465BC60246249D70025396A /* Products */,
				F4FAFDB42468F3BC00B4F3A5 /* Frameworks */,
			);
			sourceTree = "<group>";
		};
		F465BC60246249D70025396A /* Products */ = {
			isa = PBXGroup;
			children = (
				F465BC5F246249D70025396A /* Awaro.app */,
				F465BC78246249DB0025396A /* AwaroTests.xctest */,
				F465BC83246249DB0025396A /* AwaroUITests.xctest */,
			);
			name = Products;
			sourceTree = "<group>";
		};
		F465BC61246249D70025396A /* MC2-app */ = {
			isa = PBXGroup;
			children = (
				2C1F67D02468FFFC00323DE3 /* Onboarding */,
				2C1F67CF2468FFF700323DE3 /* Home */,
				2C1F67CE2468FFDD00323DE3 /* History */,
				2C1F67CD2468FFD800323DE3 /* Profile */,
				2C1F67EA2469026500323DE3 /* Model */,
				2C1F67E92469024000323DE3 /* Helper */,
				F465BC9524628C7D0025396A /* MC2-app.entitlements */,
				F465BC62246249D70025396A /* AppDelegate.swift */,
				F465BC64246249D70025396A /* SceneDelegate.swift */,
				F465BC6E246249DA0025396A /* Assets.xcassets */,
				F465BC73246249DA0025396A /* Info.plist */,
				F465BC6B246249D70025396A /* MC2_app.xcdatamodeld */,
			);
			path = "MC2-app";
			sourceTree = "<group>";
		};
		F465BC7B246249DB0025396A /* MC2-appTests */ = {
			isa = PBXGroup;
			children = (
				F465BC7C246249DB0025396A /* MC2_appTests.swift */,
				F465BC7E246249DB0025396A /* Info.plist */,
			);
			path = "MC2-appTests";
			sourceTree = "<group>";
		};
		F465BC86246249DB0025396A /* MC2-appUITests */ = {
			isa = PBXGroup;
			children = (
				F465BC87246249DB0025396A /* MC2_appUITests.swift */,
				F465BC89246249DB0025396A /* Info.plist */,
			);
			path = "MC2-appUITests";
			sourceTree = "<group>";
		};
		F4FAFDB42468F3BC00B4F3A5 /* Frameworks */ = {
			isa = PBXGroup;
			children = (
				F4FAFDB52468F3BC00B4F3A5 /* CloudKit.framework */,
			);
			name = Frameworks;
			sourceTree = "<group>";
		};
/* End PBXGroup section */

/* Begin PBXNativeTarget section */
		F465BC5E246249D70025396A /* Awaro */ = {
			isa = PBXNativeTarget;
			buildConfigurationList = F465BC8C246249DB0025396A /* Build configuration list for PBXNativeTarget "Awaro" */;
			buildPhases = (
				F465BC5B246249D70025396A /* Sources */,
				F465BC5C246249D70025396A /* Frameworks */,
				F465BC5D246249D70025396A /* Resources */,
			);
			buildRules = (
			);
			dependencies = (
			);
			name = Awaro;
			packageProductDependencies = (
				2C6FC452246D8CE20033A1C8 /* SwiftyGif */,
			);
			productName = "MC2-app";
			productReference = F465BC5F246249D70025396A /* Awaro.app */;
			productType = "com.apple.product-type.application";
		};
		F465BC77246249DB0025396A /* AwaroTests */ = {
			isa = PBXNativeTarget;
			buildConfigurationList = F465BC8F246249DB0025396A /* Build configuration list for PBXNativeTarget "AwaroTests" */;
			buildPhases = (
				F465BC74246249DB0025396A /* Sources */,
				F465BC75246249DB0025396A /* Frameworks */,
				F465BC76246249DB0025396A /* Resources */,
			);
			buildRules = (
			);
			dependencies = (
				F465BC7A246249DB0025396A /* PBXTargetDependency */,
			);
			name = AwaroTests;
			productName = "MC2-appTests";
			productReference = F465BC78246249DB0025396A /* AwaroTests.xctest */;
			productType = "com.apple.product-type.bundle.unit-test";
		};
		F465BC82246249DB0025396A /* AwaroUITests */ = {
			isa = PBXNativeTarget;
			buildConfigurationList = F465BC92246249DB0025396A /* Build configuration list for PBXNativeTarget "AwaroUITests" */;
			buildPhases = (
				F465BC7F246249DB0025396A /* Sources */,
				F465BC80246249DB0025396A /* Frameworks */,
				F465BC81246249DB0025396A /* Resources */,
			);
			buildRules = (
			);
			dependencies = (
				F465BC85246249DB0025396A /* PBXTargetDependency */,
			);
			name = AwaroUITests;
			productName = "MC2-appUITests";
			productReference = F465BC83246249DB0025396A /* AwaroUITests.xctest */;
			productType = "com.apple.product-type.bundle.ui-testing";
		};
/* End PBXNativeTarget section */

/* Begin PBXProject section */
		F465BC57246249D70025396A /* Project object */ = {
			isa = PBXProject;
			attributes = {
				LastSwiftUpdateCheck = 1140;
				LastUpgradeCheck = 1140;
				ORGANIZATIONNAME = Poppy;
				TargetAttributes = {
					F465BC5E246249D70025396A = {
						CreatedOnToolsVersion = 11.4.1;
					};
					F465BC77246249DB0025396A = {
						CreatedOnToolsVersion = 11.4.1;
						TestTargetID = F465BC5E246249D70025396A;
					};
					F465BC82246249DB0025396A = {
						CreatedOnToolsVersion = 11.4.1;
						TestTargetID = F465BC5E246249D70025396A;
					};
				};
			};
			buildConfigurationList = F465BC5A246249D70025396A /* Build configuration list for PBXProject "Awaro" */;
			compatibilityVersion = "Xcode 9.3";
			developmentRegion = en;
			hasScannedForEncodings = 0;
			knownRegions = (
				en,
				Base,
			);
			mainGroup = F465BC56246249D70025396A;
			packageReferences = (
				2C6FC451246D8CE20033A1C8 /* XCRemoteSwiftPackageReference "SwiftyGif" */,
			);
			productRefGroup = F465BC60246249D70025396A /* Products */;
			projectDirPath = "";
			projectRoot = "";
			targets = (
				F465BC5E246249D70025396A /* Awaro */,
				F465BC77246249DB0025396A /* AwaroTests */,
				F465BC82246249DB0025396A /* AwaroUITests */,
			);
		};
/* End PBXProject section */

/* Begin PBXResourcesBuildPhase section */
		F465BC5D246249D70025396A /* Resources */ = {
			isa = PBXResourcesBuildPhase;
			buildActionMask = 2147483647;
			files = (
				2C6FC463246DA06F0033A1C8 /* LaunchScreen.storyboard in Resources */,
				2C1F67DC2469006600323DE3 /* Home.storyboard in Resources */,
				F465BC6F246249DA0025396A /* Assets.xcassets in Resources */,
				2C1F67DA2469005A00323DE3 /* Onboarding.storyboard in Resources */,
				2C6FC46B246DC2640033A1C8 /* Awaro-splash-(white)-no-loop.gif in Resources */,
				2C6FC467246DC13B0033A1C8 /* Awaro-splash-(white).gif in Resources */,
				2C1F67E02469007A00323DE3 /* Profile.storyboard in Resources */,
				2C1F67DE2469007300323DE3 /* History.storyboard in Resources */,
			);
			runOnlyForDeploymentPostprocessing = 0;
		};
		F465BC76246249DB0025396A /* Resources */ = {
			isa = PBXResourcesBuildPhase;
			buildActionMask = 2147483647;
			files = (
			);
			runOnlyForDeploymentPostprocessing = 0;
		};
		F465BC81246249DB0025396A /* Resources */ = {
			isa = PBXResourcesBuildPhase;
			buildActionMask = 2147483647;
			files = (
			);
			runOnlyForDeploymentPostprocessing = 0;
		};
/* End PBXResourcesBuildPhase section */

/* Begin PBXSourcesBuildPhase section */
		F465BC5B246249D70025396A /* Sources */ = {
			isa = PBXSourcesBuildPhase;
			buildActionMask = 2147483647;
			files = (
				2C6FC44C246D70120033A1C8 /* SessionHostCell.swift in Sources */,
				2CCC9D5C2471891800AEF11B /* BadgeCollectionCell.swift in Sources */,
				F465BC63246249D70025396A /* AppDelegate.swift in Sources */,
				2C6FC46F246FDA6A0033A1C8 /* SessionResultCell.swift in Sources */,
				F40773A32472283800CEC2B0 /* UserExtension.swift in Sources */,
				2C1F67F22469045900323DE3 /* ProfileTableVC.swift in Sources */,
				2C1F67EC2469029E00323DE3 /* KeychainItem.swift in Sources */,
				2C1F67E62469016D00323DE3 /* LandingTabBarVC.swift in Sources */,
				2C331059246C277E00DBF2AA /* HomeVC.swift in Sources */,
				2C1F67EE2469040400323DE3 /* HomeTableVC.swift in Sources */,
				F465BC6D246249D70025396A /* MC2_app.xcdatamodeld in Sources */,
				2C33105D246CFB2F00DBF2AA /* HistoryDetailCell.swift in Sources */,
				2C6FC44E246D75620033A1C8 /* SessionMemberVC.swift in Sources */,
				2C1F67F72469620200323DE3 /* HistoryCell.swift in Sources */,
				2C6FC449246D6F440033A1C8 /* SessionHostVC.swift in Sources */,
				2C33105B246CF9F300DBF2AA /* HistoryDetailVC.swift in Sources */,
				2C1F67F02469041600323DE3 /* HistoryTableVC.swift in Sources */,
				2C1F67E22469013900323DE3 /* OnboardVC.swift in Sources */,
				F40773A52472289900CEC2B0 /* CoreDataHelper.swift in Sources */,
				2C1F67E82469021400323DE3 /* HelperExtension.swift in Sources */,
				2C6FC46D246FDA210033A1C8 /* SessionResultVC.swift in Sources */,
				F465BC9724628FAC0025396A /* User.swift in Sources */,
				2C6FC450246D75770033A1C8 /* SessionMemberCell.swift in Sources */,
				F465BC65246249D70025396A /* SceneDelegate.swift in Sources */,
			);
			runOnlyForDeploymentPostprocessing = 0;
		};
		F465BC74246249DB0025396A /* Sources */ = {
			isa = PBXSourcesBuildPhase;
			buildActionMask = 2147483647;
			files = (
				F465BC7D246249DB0025396A /* MC2_appTests.swift in Sources */,
			);
			runOnlyForDeploymentPostprocessing = 0;
		};
		F465BC7F246249DB0025396A /* Sources */ = {
			isa = PBXSourcesBuildPhase;
			buildActionMask = 2147483647;
			files = (
				F465BC88246249DB0025396A /* MC2_appUITests.swift in Sources */,
			);
			runOnlyForDeploymentPostprocessing = 0;
		};
/* End PBXSourcesBuildPhase section */

/* Begin PBXTargetDependency section */
		F465BC7A246249DB0025396A /* PBXTargetDependency */ = {
			isa = PBXTargetDependency;
			target = F465BC5E246249D70025396A /* Awaro */;
			targetProxy = F465BC79246249DB0025396A /* PBXContainerItemProxy */;
		};
		F465BC85246249DB0025396A /* PBXTargetDependency */ = {
			isa = PBXTargetDependency;
			target = F465BC5E246249D70025396A /* Awaro */;
			targetProxy = F465BC84246249DB0025396A /* PBXContainerItemProxy */;
		};
/* End PBXTargetDependency section */

/* Begin XCBuildConfiguration section */
		F465BC8A246249DB0025396A /* Debug */ = {
			isa = XCBuildConfiguration;
			buildSettings = {
				ALWAYS_SEARCH_USER_PATHS = NO;
				CLANG_ANALYZER_NONNULL = YES;
				CLANG_ANALYZER_NUMBER_OBJECT_CONVERSION = YES_AGGRESSIVE;
				CLANG_CXX_LANGUAGE_STANDARD = "gnu++14";
				CLANG_CXX_LIBRARY = "libc++";
				CLANG_ENABLE_MODULES = YES;
				CLANG_ENABLE_OBJC_ARC = YES;
				CLANG_ENABLE_OBJC_WEAK = YES;
				CLANG_WARN_BLOCK_CAPTURE_AUTORELEASING = YES;
				CLANG_WARN_BOOL_CONVERSION = YES;
				CLANG_WARN_COMMA = YES;
				CLANG_WARN_CONSTANT_CONVERSION = YES;
				CLANG_WARN_DEPRECATED_OBJC_IMPLEMENTATIONS = YES;
				CLANG_WARN_DIRECT_OBJC_ISA_USAGE = YES_ERROR;
				CLANG_WARN_DOCUMENTATION_COMMENTS = YES;
				CLANG_WARN_EMPTY_BODY = YES;
				CLANG_WARN_ENUM_CONVERSION = YES;
				CLANG_WARN_INFINITE_RECURSION = YES;
				CLANG_WARN_INT_CONVERSION = YES;
				CLANG_WARN_NON_LITERAL_NULL_CONVERSION = YES;
				CLANG_WARN_OBJC_IMPLICIT_RETAIN_SELF = YES;
				CLANG_WARN_OBJC_LITERAL_CONVERSION = YES;
				CLANG_WARN_OBJC_ROOT_CLASS = YES_ERROR;
				CLANG_WARN_RANGE_LOOP_ANALYSIS = YES;
				CLANG_WARN_STRICT_PROTOTYPES = YES;
				CLANG_WARN_SUSPICIOUS_MOVE = YES;
				CLANG_WARN_UNGUARDED_AVAILABILITY = YES_AGGRESSIVE;
				CLANG_WARN_UNREACHABLE_CODE = YES;
				CLANG_WARN__DUPLICATE_METHOD_MATCH = YES;
				COPY_PHASE_STRIP = NO;
				DEBUG_INFORMATION_FORMAT = dwarf;
				ENABLE_STRICT_OBJC_MSGSEND = YES;
				ENABLE_TESTABILITY = YES;
				GCC_C_LANGUAGE_STANDARD = gnu11;
				GCC_DYNAMIC_NO_PIC = NO;
				GCC_NO_COMMON_BLOCKS = YES;
				GCC_OPTIMIZATION_LEVEL = 0;
				GCC_PREPROCESSOR_DEFINITIONS = (
					"DEBUG=1",
					"$(inherited)",
				);
				GCC_WARN_64_TO_32_BIT_CONVERSION = YES;
				GCC_WARN_ABOUT_RETURN_TYPE = YES_ERROR;
				GCC_WARN_UNDECLARED_SELECTOR = YES;
				GCC_WARN_UNINITIALIZED_AUTOS = YES_AGGRESSIVE;
				GCC_WARN_UNUSED_FUNCTION = YES;
				GCC_WARN_UNUSED_VARIABLE = YES;
				IPHONEOS_DEPLOYMENT_TARGET = 13.1;
				MTL_ENABLE_DEBUG_INFO = INCLUDE_SOURCE;
				MTL_FAST_MATH = YES;
				ONLY_ACTIVE_ARCH = YES;
				SDKROOT = iphoneos;
				SWIFT_ACTIVE_COMPILATION_CONDITIONS = DEBUG;
				SWIFT_OPTIMIZATION_LEVEL = "-Onone";
			};
			name = Debug;
		};
		F465BC8B246249DB0025396A /* Release */ = {
			isa = XCBuildConfiguration;
			buildSettings = {
				ALWAYS_SEARCH_USER_PATHS = NO;
				CLANG_ANALYZER_NONNULL = YES;
				CLANG_ANALYZER_NUMBER_OBJECT_CONVERSION = YES_AGGRESSIVE;
				CLANG_CXX_LANGUAGE_STANDARD = "gnu++14";
				CLANG_CXX_LIBRARY = "libc++";
				CLANG_ENABLE_MODULES = YES;
				CLANG_ENABLE_OBJC_ARC = YES;
				CLANG_ENABLE_OBJC_WEAK = YES;
				CLANG_WARN_BLOCK_CAPTURE_AUTORELEASING = YES;
				CLANG_WARN_BOOL_CONVERSION = YES;
				CLANG_WARN_COMMA = YES;
				CLANG_WARN_CONSTANT_CONVERSION = YES;
				CLANG_WARN_DEPRECATED_OBJC_IMPLEMENTATIONS = YES;
				CLANG_WARN_DIRECT_OBJC_ISA_USAGE = YES_ERROR;
				CLANG_WARN_DOCUMENTATION_COMMENTS = YES;
				CLANG_WARN_EMPTY_BODY = YES;
				CLANG_WARN_ENUM_CONVERSION = YES;
				CLANG_WARN_INFINITE_RECURSION = YES;
				CLANG_WARN_INT_CONVERSION = YES;
				CLANG_WARN_NON_LITERAL_NULL_CONVERSION = YES;
				CLANG_WARN_OBJC_IMPLICIT_RETAIN_SELF = YES;
				CLANG_WARN_OBJC_LITERAL_CONVERSION = YES;
				CLANG_WARN_OBJC_ROOT_CLASS = YES_ERROR;
				CLANG_WARN_RANGE_LOOP_ANALYSIS = YES;
				CLANG_WARN_STRICT_PROTOTYPES = YES;
				CLANG_WARN_SUSPICIOUS_MOVE = YES;
				CLANG_WARN_UNGUARDED_AVAILABILITY = YES_AGGRESSIVE;
				CLANG_WARN_UNREACHABLE_CODE = YES;
				CLANG_WARN__DUPLICATE_METHOD_MATCH = YES;
				COPY_PHASE_STRIP = NO;
				DEBUG_INFORMATION_FORMAT = "dwarf-with-dsym";
				ENABLE_NS_ASSERTIONS = NO;
				ENABLE_STRICT_OBJC_MSGSEND = YES;
				GCC_C_LANGUAGE_STANDARD = gnu11;
				GCC_NO_COMMON_BLOCKS = YES;
				GCC_WARN_64_TO_32_BIT_CONVERSION = YES;
				GCC_WARN_ABOUT_RETURN_TYPE = YES_ERROR;
				GCC_WARN_UNDECLARED_SELECTOR = YES;
				GCC_WARN_UNINITIALIZED_AUTOS = YES_AGGRESSIVE;
				GCC_WARN_UNUSED_FUNCTION = YES;
				GCC_WARN_UNUSED_VARIABLE = YES;
				IPHONEOS_DEPLOYMENT_TARGET = 13.1;
				MTL_ENABLE_DEBUG_INFO = NO;
				MTL_FAST_MATH = YES;
				SDKROOT = iphoneos;
				SWIFT_COMPILATION_MODE = wholemodule;
				SWIFT_OPTIMIZATION_LEVEL = "-O";
				VALIDATE_PRODUCT = YES;
			};
			name = Release;
		};
		F465BC8D246249DB0025396A /* Debug */ = {
			isa = XCBuildConfiguration;
			buildSettings = {
				ASSETCATALOG_COMPILER_APPICON_NAME = AppIcon;
				CODE_SIGN_ENTITLEMENTS = "MC2-app/MC2-app.entitlements";
				CODE_SIGN_IDENTITY = "Apple Development";
				CODE_SIGN_STYLE = Automatic;
				DEVELOPMENT_TEAM = 7LUWAU8N83;
				INFOPLIST_FILE = "MC2-app/Info.plist";
				LD_RUNPATH_SEARCH_PATHS = (
					"$(inherited)",
					"@executable_path/Frameworks",
				);
				PRODUCT_BUNDLE_IDENTIFIER = "com.poppy.MC2-app";
				PRODUCT_NAME = "$(TARGET_NAME)";
				PROVISIONING_PROFILE_SPECIFIER = "";
				SWIFT_VERSION = 5.0;
				TARGETED_DEVICE_FAMILY = 1;
			};
			name = Debug;
		};
		F465BC8E246249DB0025396A /* Release */ = {
			isa = XCBuildConfiguration;
			buildSettings = {
				ASSETCATALOG_COMPILER_APPICON_NAME = AppIcon;
				CODE_SIGN_ENTITLEMENTS = "MC2-app/MC2-app.entitlements";
				CODE_SIGN_IDENTITY = "Apple Development";
				CODE_SIGN_STYLE = Automatic;
				DEVELOPMENT_TEAM = 7LUWAU8N83;
				INFOPLIST_FILE = "MC2-app/Info.plist";
				LD_RUNPATH_SEARCH_PATHS = (
					"$(inherited)",
					"@executable_path/Frameworks",
				);
				PRODUCT_BUNDLE_IDENTIFIER = "com.poppy.MC2-app";
				PRODUCT_NAME = "$(TARGET_NAME)";
				PROVISIONING_PROFILE_SPECIFIER = "";
				SWIFT_VERSION = 5.0;
				TARGETED_DEVICE_FAMILY = 1;
			};
			name = Release;
		};
		F465BC90246249DB0025396A /* Debug */ = {
			isa = XCBuildConfiguration;
			buildSettings = {
				ALWAYS_EMBED_SWIFT_STANDARD_LIBRARIES = YES;
				BUNDLE_LOADER = "$(TEST_HOST)";
				CODE_SIGN_STYLE = Automatic;
				DEVELOPMENT_TEAM = 7LUWAU8N83;
				INFOPLIST_FILE = "MC2-appTests/Info.plist";
				IPHONEOS_DEPLOYMENT_TARGET = 13.4;
				LD_RUNPATH_SEARCH_PATHS = (
					"$(inherited)",
					"@executable_path/Frameworks",
					"@loader_path/Frameworks",
				);
				PRODUCT_BUNDLE_IDENTIFIER = "appleDeveloperAcademy.MC2-appTests";
				PRODUCT_NAME = "$(TARGET_NAME)";
				SWIFT_VERSION = 5.0;
				TARGETED_DEVICE_FAMILY = "1,2";
				TEST_HOST = "$(BUILT_PRODUCTS_DIR)/Awaro.app/Awaro";
			};
			name = Debug;
		};
		F465BC91246249DB0025396A /* Release */ = {
			isa = XCBuildConfiguration;
			buildSettings = {
				ALWAYS_EMBED_SWIFT_STANDARD_LIBRARIES = YES;
				BUNDLE_LOADER = "$(TEST_HOST)";
				CODE_SIGN_STYLE = Automatic;
				DEVELOPMENT_TEAM = 7LUWAU8N83;
				INFOPLIST_FILE = "MC2-appTests/Info.plist";
				IPHONEOS_DEPLOYMENT_TARGET = 13.4;
				LD_RUNPATH_SEARCH_PATHS = (
					"$(inherited)",
					"@executable_path/Frameworks",
					"@loader_path/Frameworks",
				);
				PRODUCT_BUNDLE_IDENTIFIER = "appleDeveloperAcademy.MC2-appTests";
				PRODUCT_NAME = "$(TARGET_NAME)";
				SWIFT_VERSION = 5.0;
				TARGETED_DEVICE_FAMILY = "1,2";
				TEST_HOST = "$(BUILT_PRODUCTS_DIR)/Awaro.app/Awaro";
			};
			name = Release;
		};
		F465BC93246249DB0025396A /* Debug */ = {
			isa = XCBuildConfiguration;
			buildSettings = {
				ALWAYS_EMBED_SWIFT_STANDARD_LIBRARIES = YES;
				CODE_SIGN_STYLE = Automatic;
				DEVELOPMENT_TEAM = 7LUWAU8N83;
				INFOPLIST_FILE = "MC2-appUITests/Info.plist";
				LD_RUNPATH_SEARCH_PATHS = (
					"$(inherited)",
					"@executable_path/Frameworks",
					"@loader_path/Frameworks",
				);
				PRODUCT_BUNDLE_IDENTIFIER = "appleDeveloperAcademy.MC2-appUITests";
				PRODUCT_NAME = "$(TARGET_NAME)";
				SWIFT_VERSION = 5.0;
				TARGETED_DEVICE_FAMILY = "1,2";
				TEST_TARGET_NAME = "MC2-app";
			};
			name = Debug;
		};
		F465BC94246249DB0025396A /* Release */ = {
			isa = XCBuildConfiguration;
			buildSettings = {
				ALWAYS_EMBED_SWIFT_STANDARD_LIBRARIES = YES;
				CODE_SIGN_STYLE = Automatic;
				DEVELOPMENT_TEAM = 7LUWAU8N83;
				INFOPLIST_FILE = "MC2-appUITests/Info.plist";
				LD_RUNPATH_SEARCH_PATHS = (
					"$(inherited)",
					"@executable_path/Frameworks",
					"@loader_path/Frameworks",
				);
				PRODUCT_BUNDLE_IDENTIFIER = "appleDeveloperAcademy.MC2-appUITests";
				PRODUCT_NAME = "$(TARGET_NAME)";
				SWIFT_VERSION = 5.0;
				TARGETED_DEVICE_FAMILY = "1,2";
				TEST_TARGET_NAME = "MC2-app";
			};
			name = Release;
		};
/* End XCBuildConfiguration section */

/* Begin XCConfigurationList section */
		F465BC5A246249D70025396A /* Build configuration list for PBXProject "Awaro" */ = {
			isa = XCConfigurationList;
			buildConfigurations = (
				F465BC8A246249DB0025396A /* Debug */,
				F465BC8B246249DB0025396A /* Release */,
			);
			defaultConfigurationIsVisible = 0;
			defaultConfigurationName = Release;
		};
		F465BC8C246249DB0025396A /* Build configuration list for PBXNativeTarget "Awaro" */ = {
			isa = XCConfigurationList;
			buildConfigurations = (
				F465BC8D246249DB0025396A /* Debug */,
				F465BC8E246249DB0025396A /* Release */,
			);
			defaultConfigurationIsVisible = 0;
			defaultConfigurationName = Release;
		};
		F465BC8F246249DB0025396A /* Build configuration list for PBXNativeTarget "AwaroTests" */ = {
			isa = XCConfigurationList;
			buildConfigurations = (
				F465BC90246249DB0025396A /* Debug */,
				F465BC91246249DB0025396A /* Release */,
			);
			defaultConfigurationIsVisible = 0;
			defaultConfigurationName = Release;
		};
		F465BC92246249DB0025396A /* Build configuration list for PBXNativeTarget "AwaroUITests" */ = {
			isa = XCConfigurationList;
			buildConfigurations = (
				F465BC93246249DB0025396A /* Debug */,
				F465BC94246249DB0025396A /* Release */,
			);
			defaultConfigurationIsVisible = 0;
			defaultConfigurationName = Release;
		};
/* End XCConfigurationList section */

/* Begin XCRemoteSwiftPackageReference section */
		2C6FC451246D8CE20033A1C8 /* XCRemoteSwiftPackageReference "SwiftyGif" */ = {
			isa = XCRemoteSwiftPackageReference;
			repositoryURL = "https://github.com/kirualex/SwiftyGif.git";
			requirement = {
				kind = upToNextMajorVersion;
				minimumVersion = 5.2.0;
			};
		};
/* End XCRemoteSwiftPackageReference section */

/* Begin XCSwiftPackageProductDependency section */
		2C6FC452246D8CE20033A1C8 /* SwiftyGif */ = {
			isa = XCSwiftPackageProductDependency;
			package = 2C6FC451246D8CE20033A1C8 /* XCRemoteSwiftPackageReference "SwiftyGif" */;
			productName = SwiftyGif;
		};
/* End XCSwiftPackageProductDependency section */

/* Begin XCVersionGroup section */
		F465BC6B246249D70025396A /* MC2_app.xcdatamodeld */ = {
			isa = XCVersionGroup;
			children = (
				F465BC6C246249D70025396A /* MC2_app.xcdatamodel */,
			);
			currentVersion = F465BC6C246249D70025396A /* MC2_app.xcdatamodel */;
			path = MC2_app.xcdatamodeld;
			sourceTree = "<group>";
			versionGroupType = wrapper.xcdatamodel;
		};
/* End XCVersionGroup section */
	};
	rootObject = F465BC57246249D70025396A /* Project object */;
}
